// !$*UTF8*$!
{
	archiveVersion = 1;
	classes = {
	};
	objectVersion = 54;
	objects = {

/* Begin PBXBuildFile section */
		1D36232524D262F000E08B01 /* AppDelegate.swift in Sources */ = {isa = PBXBuildFile; fileRef = 1D36232424D262F000E08B01 /* AppDelegate.swift */; };
		1D36232724D262F000E08B01 /* ViewController.swift in Sources */ = {isa = PBXBuildFile; fileRef = 1D36232624D262F000E08B01 /* ViewController.swift */; };
		1D36232924D262F100E08B01 /* Assets.xcassets in Resources */ = {isa = PBXBuildFile; fileRef = 1D36232824D262F100E08B01 /* Assets.xcassets */; };
/* End PBXBuildFile section */

/* Begin PBXFileReference section */
		1D36232124D262F000E08B01 /* SiPresGu.app */ = {isa = PBXFileReference; explicitFileType = wrapper.application; includeInIndex = 0; path = SiPresGu.app; sourceTree = BUILT_PRODUCTS_DIR; };
		1D36232424D262F000E08B01 /* AppDelegate.swift */ = {isa = PBXFileReference; lastKnownFileType = sourcecode.swift; path = AppDelegate.swift; sourceTree = "<group>"; };
		1D36232624D262F000E08B01 /* ViewController.swift */ = {isa = PBXFileReference; lastKnownFileType = sourcecode.swift; path = ViewController.swift; sourceTree = "<group>"; };
		1D36232824D262F100E08B01 /* Assets.xcassets */ = {isa = PBXFileReference; lastKnownFileType = folder.assetcatalog; path = Assets.xcassets; sourceTree = "<group>"; };
		1D36232A24D262F100E08B01 /* Info.plist */ = {isa = PBXFileReference; lastKnownFileType = text.plist.xml; path = Info.plist; sourceTree = "<group>"; };
/* End PBXFileReference section */

/* Begin PBXFrameworksBuildPhase section */
		1D36231E24D262F000E08B01 /* Frameworks */ = {
			isa = PBXFrameworksBuildPhase;
			buildActionMask = 2147483647;
			files = (
			);
			runOnlyForDeploymentPostprocessing = 0;
		};
/* End PBXFrameworksBuildPhase section */

/* Begin PBXGroup section */
		1D36231824D262F000E08B01 = {
			isa = PBXGroup;
			children = (
				1D36232324D262F000E08B01 /* SiPresGu */,
				1D36232224D262F000E08B01 /* Products */,
			);
			sourceTree = "<group>";
		};
		1D36232224D262F000E08B01 /* Products */ = {
			isa = PBXGroup;
			children = (
				1D36232124D262F000E08B01 /* SiPresGu.app */,
			);
			name = Products;
			sourceTree = "<group>";
		};
		1D36232324D262F000E08B01 /* SiPresGu */ = {
			isa = PBXGroup;
			children = (
				1D36232424D262F000E08B01 /* AppDelegate.swift */,
				1D36232624D262F000E08B01 /* ViewController.swift */,
				1D36232824D262F100E08B01 /* Assets.xcassets */,
				1D36232A24D262F100E08B01 /* Info.plist */,
			);
			path = SiPresGu;
			sourceTree = "<group>";
		};
/* End PBXGroup section */

/* Begin PBXNativeTarget section */
		1D36232024D262F000E08B01 /* SiPresGu */ = {
			isa = PBXNativeTarget;
			buildConfigurationList = 1D36232D24D262F100E08B01 /* Build configuration list for PBXNativeTarget "SiPresGu" */;
			buildPhases = (
				1D36231D24D262F000E08B01 /* Sources */,
				1D36231E24D262F000E08B01 /* Frameworks */,
				1D36231F24D262F000E08B01 /* Resources */,
			);
			buildRules = (
			);
			dependencies = (
			);
			name = SiPresGu;
			productName = SiPresGu;
			productReference = 1D36232124D262F000E08B01 /* SiPresGu.app */;
			productType = "com.apple.product-type.application";
		};
/* End PBXNativeTarget section */

/* Begin PBXProject section */
		1D36231924D262F000E08B01 /* Project object */ = {
			isa = PBXProject;
			attributes = {
				BuildIndependentTargetsInParallel = YES;
				LastSwiftUpdateCheck = 1420;
				LastUpgradeCheck = 1420;
				TargetAttributes = {
					1D36232024D262F000E08B01 = {
						CreatedOnToolsVersion = 14.2;
					};
				};
			};
			buildConfigurationList = 1D36231C24D262F000E08B01 /* Build configuration list for PBXProject "SiPresGu" */;
			compatibilityVersion = "Xcode 14.0";
			developmentRegion = id;
			hasScannedForEncodings = 0;
			knownRegions = (
				id,
				Base,
			);
			mainGroup = 1D36231824D262F000E08B01;
			productRefGroup = 1D36232224D262F000E08B01 /* Products */;
			projectDirPath = "";
			projectRoot = "";
			targets = (
				1D36232024D262F000E08B01 /* SiPresGu */,
			);
		};
/* End PBXProject section */

/* Begin PBXResourcesBuildPhase section */
		1D36231F24D262F000E08B01 /* Resources */ = {
			isa = PBXResourcesBuildPhase;
			buildActionMask = 2147483647;
			files = (
				1D36232924D262F100E08B01 /* Assets.xcassets in Resources */,
			);
			runOnlyForDeploymentPostprocessing = 0;
		};
/* End PBXResourcesBuildPhase section */

/* Begin PBXSourcesBuildPhase section */
		1D36231D24D262F000E08B01 /* Sources */ = {
			isa = PBXSourcesBuildPhase;
			buildActionMask = 2147483647;
			files = (
				1D36232524D262F000E08B01 /* AppDelegate.swift in Sources */,
				1D36232724D262F000E08B01 /* ViewController.swift in Sources */,
			);
			runOnlyForDeploymentPostprocessing = 0;
		};
/* End PBXSourcesBuildPhase section */

/* Begin XCBuildConfiguration section */
		1D36232B24D262F100E08B01 /* Debug */ = {
			isa = XCBuildConfiguration;
			buildSettings = {
				ALWAYS_SEARCH_USER_PATHS = NO;
				CLANG_ANALYZER_NONNULL = YES;
				CLANG_CXX_LANGUAGE_STANDARD = "gnu++20";
				CLANG_ENABLE_MODULES = YES;
				CLANG_ENABLE_OBJC_ARC = YES;
				COPY_PHASE_STRIP = NO;
				DEBUG_INFORMATION_FORMAT = dwarf;
				ENABLE_STRICT_OBJC_MSGSEND = YES;
				ENABLE_TESTABILITY = YES;
				GCC_DYNAMIC_NO_PIC = NO;
				GCC_NO_COMMON_BLOCKS = YES;
				GCC_OPTIMIZATION_LEVEL = 0;
				GCC_PREPROCESSOR_DEFINITIONS = (
					"DEBUG=1",
					"$(inherited)",
				);
				GCC_WARN_64_TO_32_BIT_CONVERSION = YES;
				GCC_WARN_ABOUT_RETURN_TYPE = YES_ERROR;
				GCC_WARN_UNDECLARED_SELECTOR = YES;
				GCC_WARN_UNINITIALIZED_AUTOS = YES_AGGRESSIVE;
				GCC_WARN_UNUSED_FUNCTION = YES;
				GCC_WARN_UNUSED_VARIABLE = YES;
				IPHONEOS_DEPLOYMENT_TARGET = 14.0;
				MTL_ENABLE_DEBUG_INFO = INCLUDE_SOURCE;
				MTL_FAST_MATH = YES;
				ONLY_ACTIVE_ARCH = YES;
				SDKROOT = iphoneos;
				SWIFT_ACTIVE_COMPILATION_CONDITIONS = DEBUG;
				SWIFT_OPTIMIZATION_LEVEL = "-Onone";
			};
			name = Debug;
		};
		1D36232C24D262F100E08B01 /* Release */ = {
			isa = XCBuildConfiguration;
			buildSettings = {
				ALWAYS_SEARCH_USER_PATHS = NO;
				CLANG_ANALYZER_NONNULL = YES;
				CLANG_CXX_LANGUAGE_STANDARD = "gnu++20";
				CLANG_ENABLE_MODULES = YES;
				CLANG_ENABLE_OBJC_ARC = YES;
				COPY_PHASE_STRIP = NO;
				DEBUG_INFORMATION_FORMAT = "dwarf-with-dsym";
				ENABLE_NS_ASSERTIONS = NO;
				ENABLE_STRICT_OBJC_MSGSEND = YES;
				GCC_NO_COMMON_BLOCKS = YES;
				GCC_WARN_64_TO_32_BIT_CONVERSION = YES;
				GCC_WARN_ABOUT_RETURN_TYPE = YES_ERROR;
				GCC_WARN_UNDECLARED_SELECTOR = YES;
				GCC_WARN_UNINITIALIZED_AUTOS = YES_AGGRESSIVE;
				GCC_WARN_UNUSED_FUNCTION = YES;
				GCC_WARN_UNUSED_VARIABLE = YES;
				IPHONEOS_DEPLOYMENT_TARGET = 14.0;
				MTL_ENABLE_DEBUG_INFO = NO;
				MTL_FAST_MATH = YES;
				SDKROOT = iphoneos;
				SWIFT_COMPILATION_MODE = wholemodule;
				SWIFT_OPTIMIZATION_LEVEL = "-O";
				VALIDATE_PRODUCT = YES;
			};
			name = Release;
		};
		1D36232E24D262F100E08B01 /* Debug */ = {
			isa = XCBuildConfiguration;
			buildSettings = {
				ASSETCATALOG_COMPILER_APPICON_NAME = AppIcon;
				ASSETCATALOG_COMPILER_GLOBAL_ACCENT_COLOR_NAME = AccentColor;
				CODE_SIGN_STYLE = Automatic;
				CURRENT_PROJECT_VERSION = 1;
				GENERATE_INFOPLIST_FILE = NO;
				INFOPLIST_FILE = SiPresGu/Info.plist;
				IPHONEOS_DEPLOYMENT_TARGET = 14.0;
				LD_RUNPATH_SEARCH_PATHS = (
					"$(inherited)",
					"@executable_path/Frameworks",
				);
				MARKETING_VERSION = 1.0.0;
				PRODUCT_BUNDLE_IDENTIFIER = id.web.sipresgu.app;
				PRODUCT_NAME = "$(TARGET_NAME)";
				SWIFT_EMIT_LOC_STRINGS = YES;
				SWIFT_VERSION = 5.0;
				TARGETED_DEVICE_FAMILY = "1,2";
			};
			name = Debug;
		};
		1D36232F24D262F100E08B01 /* Release */ = {
			isa = XCBuildConfiguration;
			buildSettings = {
				ASSETCATALOG_COMPILER_APPICON_NAME = AppIcon;
				ASSETCATALOG_COMPILER_GLOBAL_ACCENT_COLOR_NAME = AccentColor;
				CODE_SIGN_STYLE = Automatic;
				CURRENT_PROJECT_VERSION = 1;
				GENERATE_INFOPLIST_FILE = NO;
				INFOPLIST_FILE = SiPresGu/Info.plist;
				IPHONEOS_DEPLOYMENT_TARGET = 14.0;
				LD_RUNPATH_SEARCH_PATHS = (
					"$(inherited)",
					"@executable_path/Frameworks",
				);
				MARKETING_VERSION = 1.0.0;
				PRODUCT_BUNDLE_IDENTIFIER = id.web.sipresgu.app;
				PRODUCT_NAME = "$(TARGET_NAME)";
				SWIFT_EMIT_LOC_STRINGS = YES;
				SWIFT_VERSION = 5.0;
				TARGETED_DEVICE_FAMILY = "1,2";
			};
			name = Release;
		};
/* End XCBuildConfiguration section */

/* Begin XCConfigurationList section */
		1D36231C24D262F000E08B01 /* Build configuration list for PBXProject "SiPresGu" */ = {
			isa = XCConfigurationList;
			buildConfigurations = (
				1D36232B24D262F100E08B01 /* Debug */,
				1D36232C24D262F100E08B01 /* Release */,
			);
			defaultConfigurationIsVisible = 0;
			defaultConfigurationName = Release;
		};
		1D36232D24D262F100E08B01 /* Build configuration list for PBXNativeTarget "SiPresGu" */ = {
			isa = XCConfigurationList;
			buildConfigurations = (
				1D36232E24D262F100E08B01 /* Debug */,
				1D36232F24D262F100E08B01 /* Release */,
			);
			defaultConfigurationIsVisible = 0;
			defaultConfigurationName = Release;
		};
/* End XCConfigurationList section */
	};
	rootObject = 1D36231924D262F000E08B01 /* Project object */;
}
